// !$*UTF8*$!
{
	archiveVersion = 1;
	classes = {
	};
	objectVersion = 52;
	objects = {

/* Begin PBXBuildFile section */
		5FB8732A25F88F7400D4E40E /* AppDelegate.swift in Sources */ = {isa = PBXBuildFile; fileRef = 5FB8732925F88F7400D4E40E /* AppDelegate.swift */; };
		5FB8732C25F88F7400D4E40E /* SceneDelegate.swift in Sources */ = {isa = PBXBuildFile; fileRef = 5FB8732B25F88F7400D4E40E /* SceneDelegate.swift */; };
		5FB8732E25F88F7400D4E40E /* ContentView.swift in Sources */ = {isa = PBXBuildFile; fileRef = 5FB8732D25F88F7400D4E40E /* ContentView.swift */; };
		5FB8733025F88F7600D4E40E /* Assets.xcassets in Resources */ = {isa = PBXBuildFile; fileRef = 5FB8732F25F88F7600D4E40E /* Assets.xcassets */; };
		5FB8733325F88F7600D4E40E /* Preview Assets.xcassets in Resources */ = {isa = PBXBuildFile; fileRef = 5FB8733225F88F7600D4E40E /* Preview Assets.xcassets */; };
		5FB8733625F88F7600D4E40E /* LaunchScreen.storyboard in Resources */ = {isa = PBXBuildFile; fileRef = 5FB8733425F88F7600D4E40E /* LaunchScreen.storyboard */; };
		5FB8734025F8FDBB00D4E40E /* Practice_1.swift in Sources */ = {isa = PBXBuildFile; fileRef = 5FB8733F25F8FDBB00D4E40E /* Practice_1.swift */; };
		5FB8734425F968F600D4E40E /* Practice_2.swift in Sources */ = {isa = PBXBuildFile; fileRef = 5FB8734325F968F600D4E40E /* Practice_2.swift */; };
		5FB8734825F96C4A00D4E40E /* YoutubePlayer in Frameworks */ = {isa = PBXBuildFile; productRef = 5FB8734725F96C4A00D4E40E /* YoutubePlayer */; };
		5FB8734B25F9E9F900D4E40E /* Space_Walp.swift in Sources */ = {isa = PBXBuildFile; fileRef = 5FB8734A25F9E9F900D4E40E /* Space_Walp.swift */; };
		5FB8734F25F9EA7600D4E40E /* CurvedSideRectangle.swift in Sources */ = {isa = PBXBuildFile; fileRef = 5FB8734E25F9EA7600D4E40E /* CurvedSideRectangle.swift */; };
		5FB8735425F9EAA900D4E40E /* ImgandShape_View.swift in Sources */ = {isa = PBXBuildFile; fileRef = 5FB8735325F9EAA900D4E40E /* ImgandShape_View.swift */; };
		5FB8735825F9EAC800D4E40E /* SpaceWalpButton.swift in Sources */ = {isa = PBXBuildFile; fileRef = 5FB8735725F9EAC800D4E40E /* SpaceWalpButton.swift */; };
		5FB8735B25F9EAE500D4E40E /* SpaceLoginView.swift in Sources */ = {isa = PBXBuildFile; fileRef = 5FB8735A25F9EAE500D4E40E /* SpaceLoginView.swift */; };
		5FB8735E25F9EB2400D4E40E /* SpaceLoginButton.swift in Sources */ = {isa = PBXBuildFile; fileRef = 5FB8735D25F9EB2400D4E40E /* SpaceLoginButton.swift */; };
/* End PBXBuildFile section */

/* Begin PBXFileReference section */
		5FB8732625F88F7400D4E40E /* MoviesApp.app */ = {isa = PBXFileReference; explicitFileType = wrapper.application; includeInIndex = 0; path = MoviesApp.app; sourceTree = BUILT_PRODUCTS_DIR; };
		5FB8732925F88F7400D4E40E /* AppDelegate.swift */ = {isa = PBXFileReference; lastKnownFileType = sourcecode.swift; path = AppDelegate.swift; sourceTree = "<group>"; };
		5FB8732B25F88F7400D4E40E /* SceneDelegate.swift */ = {isa = PBXFileReference; lastKnownFileType = sourcecode.swift; path = SceneDelegate.swift; sourceTree = "<group>"; };
		5FB8732D25F88F7400D4E40E /* ContentView.swift */ = {isa = PBXFileReference; lastKnownFileType = sourcecode.swift; path = ContentView.swift; sourceTree = "<group>"; };
		5FB8732F25F88F7600D4E40E /* Assets.xcassets */ = {isa = PBXFileReference; lastKnownFileType = folder.assetcatalog; path = Assets.xcassets; sourceTree = "<group>"; };
		5FB8733225F88F7600D4E40E /* Preview Assets.xcassets */ = {isa = PBXFileReference; lastKnownFileType = folder.assetcatalog; path = "Preview Assets.xcassets"; sourceTree = "<group>"; };
		5FB8733525F88F7600D4E40E /* Base */ = {isa = PBXFileReference; lastKnownFileType = file.storyboard; name = Base; path = Base.lproj/LaunchScreen.storyboard; sourceTree = "<group>"; };
		5FB8733725F88F7600D4E40E /* Info.plist */ = {isa = PBXFileReference; lastKnownFileType = text.plist.xml; path = Info.plist; sourceTree = "<group>"; };
		5FB8733F25F8FDBB00D4E40E /* Practice_1.swift */ = {isa = PBXFileReference; lastKnownFileType = sourcecode.swift; path = Practice_1.swift; sourceTree = "<group>"; };
		5FB8734325F968F600D4E40E /* Practice_2.swift */ = {isa = PBXFileReference; lastKnownFileType = sourcecode.swift; path = Practice_2.swift; sourceTree = "<group>"; };
		5FB8734A25F9E9F900D4E40E /* Space_Walp.swift */ = {isa = PBXFileReference; lastKnownFileType = sourcecode.swift; path = Space_Walp.swift; sourceTree = "<group>"; };
		5FB8734E25F9EA7600D4E40E /* CurvedSideRectangle.swift */ = {isa = PBXFileReference; lastKnownFileType = sourcecode.swift; path = CurvedSideRectangle.swift; sourceTree = "<group>"; };
		5FB8735325F9EAA900D4E40E /* ImgandShape_View.swift */ = {isa = PBXFileReference; lastKnownFileType = sourcecode.swift; path = ImgandShape_View.swift; sourceTree = "<group>"; };
		5FB8735725F9EAC800D4E40E /* SpaceWalpButton.swift */ = {isa = PBXFileReference; lastKnownFileType = sourcecode.swift; path = SpaceWalpButton.swift; sourceTree = "<group>"; };
		5FB8735A25F9EAE500D4E40E /* SpaceLoginView.swift */ = {isa = PBXFileReference; lastKnownFileType = sourcecode.swift; path = SpaceLoginView.swift; sourceTree = "<group>"; };
		5FB8735D25F9EB2400D4E40E /* SpaceLoginButton.swift */ = {isa = PBXFileReference; lastKnownFileType = sourcecode.swift; path = SpaceLoginButton.swift; sourceTree = "<group>"; };
/* End PBXFileReference section */

/* Begin PBXFrameworksBuildPhase section */
		5FB8732325F88F7400D4E40E /* Frameworks */ = {
			isa = PBXFrameworksBuildPhase;
			buildActionMask = 2147483647;
			files = (
				5FB8734825F96C4A00D4E40E /* YoutubePlayer in Frameworks */,
			);
			runOnlyForDeploymentPostprocessing = 0;
		};
/* End PBXFrameworksBuildPhase section */

/* Begin PBXGroup section */
		5FB8731D25F88F7400D4E40E = {
			isa = PBXGroup;
			children = (
				5FB8732825F88F7400D4E40E /* MoviesApp */,
				5FB8732725F88F7400D4E40E /* Products */,
			);
			sourceTree = "<group>";
		};
		5FB8732725F88F7400D4E40E /* Products */ = {
			isa = PBXGroup;
			children = (
				5FB8732625F88F7400D4E40E /* MoviesApp.app */,
			);
			name = Products;
			sourceTree = "<group>";
		};
		5FB8732825F88F7400D4E40E /* MoviesApp */ = {
			isa = PBXGroup;
			children = (
				5FB8732925F88F7400D4E40E /* AppDelegate.swift */,
				5FB8732B25F88F7400D4E40E /* SceneDelegate.swift */,
				5FB8733E25F8FD8C00D4E40E /* screens */,
				5FB8732F25F88F7600D4E40E /* Assets.xcassets */,
				5FB8733425F88F7600D4E40E /* LaunchScreen.storyboard */,
				5FB8733725F88F7600D4E40E /* Info.plist */,
				5FB8733125F88F7600D4E40E /* Preview Content */,
			);
			path = MoviesApp;
			sourceTree = "<group>";
		};
		5FB8733125F88F7600D4E40E /* Preview Content */ = {
			isa = PBXGroup;
			children = (
				5FB8733225F88F7600D4E40E /* Preview Assets.xcassets */,
			);
			path = "Preview Content";
			sourceTree = "<group>";
		};
		5FB8733E25F8FD8C00D4E40E /* screens */ = {
			isa = PBXGroup;
			children = (
				5FB8732D25F88F7400D4E40E /* ContentView.swift */,
				5FB8733F25F8FDBB00D4E40E /* Practice_1.swift */,
				5FB8734325F968F600D4E40E /* Practice_2.swift */,
				5FB8735225F9EA7C00D4E40E /* Space */,
			);
			path = screens;
			sourceTree = "<group>";
		};
		5FB8734D25F9EA4200D4E40E /* other_SpaceWalp */ = {
			isa = PBXGroup;
			children = (
				5FB8734E25F9EA7600D4E40E /* CurvedSideRectangle.swift */,
			);
			path = other_SpaceWalp;
			sourceTree = "<group>";
		};
		5FB8735225F9EA7C00D4E40E /* Space */ = {
			isa = PBXGroup;
			children = (
				5FB8734A25F9E9F900D4E40E /* Space_Walp.swift */,
				5FB8735325F9EAA900D4E40E /* ImgandShape_View.swift */,
				5FB8735725F9EAC800D4E40E /* SpaceWalpButton.swift */,
				5FB8735A25F9EAE500D4E40E /* SpaceLoginView.swift */,
				5FB8735D25F9EB2400D4E40E /* SpaceLoginButton.swift */,
				5FB8734D25F9EA4200D4E40E /* other_SpaceWalp */,
			);
			path = Space;
			sourceTree = "<group>";
		};
/* End PBXGroup section */

/* Begin PBXNativeTarget section */
		5FB8732525F88F7400D4E40E /* MoviesApp */ = {
			isa = PBXNativeTarget;
			buildConfigurationList = 5FB8733A25F88F7600D4E40E /* Build configuration list for PBXNativeTarget "MoviesApp" */;
			buildPhases = (
				5FB8732225F88F7400D4E40E /* Sources */,
				5FB8732325F88F7400D4E40E /* Frameworks */,
				5FB8732425F88F7400D4E40E /* Resources */,
			);
			buildRules = (
			);
			dependencies = (
			);
			name = MoviesApp;
			packageProductDependencies = (
				5FB8734725F96C4A00D4E40E /* YoutubePlayer */,
			);
			productName = MoviesApp;
			productReference = 5FB8732625F88F7400D4E40E /* MoviesApp.app */;
			productType = "com.apple.product-type.application";
		};
/* End PBXNativeTarget section */

/* Begin PBXProject section */
		5FB8731E25F88F7400D4E40E /* Project object */ = {
			isa = PBXProject;
			attributes = {
				LastSwiftUpdateCheck = 1240;
				LastUpgradeCheck = 1240;
				TargetAttributes = {
					5FB8732525F88F7400D4E40E = {
						CreatedOnToolsVersion = 12.4;
					};
				};
			};
			buildConfigurationList = 5FB8732125F88F7400D4E40E /* Build configuration list for PBXProject "MoviesApp" */;
			compatibilityVersion = "Xcode 9.3";
			developmentRegion = en;
			hasScannedForEncodings = 0;
			knownRegions = (
				en,
				Base,
			);
			mainGroup = 5FB8731D25F88F7400D4E40E;
			packageReferences = (
				5FB8734625F96C4A00D4E40E /* XCRemoteSwiftPackageReference "youtube-ios-player-helper-swift" */,
			);
			productRefGroup = 5FB8732725F88F7400D4E40E /* Products */;
			projectDirPath = "";
			projectRoot = "";
			targets = (
				5FB8732525F88F7400D4E40E /* MoviesApp */,
			);
		};
/* End PBXProject section */

/* Begin PBXResourcesBuildPhase section */
		5FB8732425F88F7400D4E40E /* Resources */ = {
			isa = PBXResourcesBuildPhase;
			buildActionMask = 2147483647;
			files = (
				5FB8733625F88F7600D4E40E /* LaunchScreen.storyboard in Resources */,
				5FB8733325F88F7600D4E40E /* Preview Assets.xcassets in Resources */,
				5FB8733025F88F7600D4E40E /* Assets.xcassets in Resources */,
			);
			runOnlyForDeploymentPostprocessing = 0;
		};
/* End PBXResourcesBuildPhase section */

/* Begin PBXSourcesBuildPhase section */
		5FB8732225F88F7400D4E40E /* Sources */ = {
			isa = PBXSourcesBuildPhase;
			buildActionMask = 2147483647;
			files = (
				5FB8734B25F9E9F900D4E40E /* Space_Walp.swift in Sources */,
				5FB8735B25F9EAE500D4E40E /* SpaceLoginView.swift in Sources */,
				5FB8735E25F9EB2400D4E40E /* SpaceLoginButton.swift in Sources */,
				5FB8734F25F9EA7600D4E40E /* CurvedSideRectangle.swift in Sources */,
				5FB8732A25F88F7400D4E40E /* AppDelegate.swift in Sources */,
				5FB8734425F968F600D4E40E /* Practice_2.swift in Sources */,
				5FB8735425F9EAA900D4E40E /* ImgandShape_View.swift in Sources */,
				5FB8732C25F88F7400D4E40E /* SceneDelegate.swift in Sources */,
				5FB8734025F8FDBB00D4E40E /* Practice_1.swift in Sources */,
				5FB8732E25F88F7400D4E40E /* ContentView.swift in Sources */,
				5FB8735825F9EAC800D4E40E /* SpaceWalpButton.swift in Sources */,
			);
			runOnlyForDeploymentPostprocessing = 0;
		};
/* End PBXSourcesBuildPhase section */

/* Begin PBXVariantGroup section */
		5FB8733425F88F7600D4E40E /* LaunchScreen.storyboard */ = {
			isa = PBXVariantGroup;
			children = (
				5FB8733525F88F7600D4E40E /* Base */,
			);
			name = LaunchScreen.storyboard;
			sourceTree = "<group>";
		};
/* End PBXVariantGroup section */

/* Begin XCBuildConfiguration section */
		5FB8733825F88F7600D4E40E /* Debug */ = {
			isa = XCBuildConfiguration;
			buildSettings = {
				ALWAYS_SEARCH_USER_PATHS = NO;
				CLANG_ANALYZER_NONNULL = YES;
				CLANG_ANALYZER_NUMBER_OBJECT_CONVERSION = YES_AGGRESSIVE;
				CLANG_CXX_LANGUAGE_STANDARD = "gnu++14";
				CLANG_CXX_LIBRARY = "libc++";
				CLANG_ENABLE_MODULES = YES;
				CLANG_ENABLE_OBJC_ARC = YES;
				CLANG_ENABLE_OBJC_WEAK = YES;
				CLANG_WARN_BLOCK_CAPTURE_AUTORELEASING = YES;
				CLANG_WARN_BOOL_CONVERSION = YES;
				CLANG_WARN_COMMA = YES;
				CLANG_WARN_CONSTANT_CONVERSION = YES;
				CLANG_WARN_DEPRECATED_OBJC_IMPLEMENTATIONS = YES;
				CLANG_WARN_DIRECT_OBJC_ISA_USAGE = YES_ERROR;
				CLANG_WARN_DOCUMENTATION_COMMENTS = YES;
				CLANG_WARN_EMPTY_BODY = YES;
				CLANG_WARN_ENUM_CONVERSION = YES;
				CLANG_WARN_INFINITE_RECURSION = YES;
				CLANG_WARN_INT_CONVERSION = YES;
				CLANG_WARN_NON_LITERAL_NULL_CONVERSION = YES;
				CLANG_WARN_OBJC_IMPLICIT_RETAIN_SELF = YES;
				CLANG_WARN_OBJC_LITERAL_CONVERSION = YES;
				CLANG_WARN_OBJC_ROOT_CLASS = YES_ERROR;
				CLANG_WARN_QUOTED_INCLUDE_IN_FRAMEWORK_HEADER = YES;
				CLANG_WARN_RANGE_LOOP_ANALYSIS = YES;
				CLANG_WARN_STRICT_PROTOTYPES = YES;
				CLANG_WARN_SUSPICIOUS_MOVE = YES;
				CLANG_WARN_UNGUARDED_AVAILABILITY = YES_AGGRESSIVE;
				CLANG_WARN_UNREACHABLE_CODE = YES;
				CLANG_WARN__DUPLICATE_METHOD_MATCH = YES;
				COPY_PHASE_STRIP = NO;
				DEBUG_INFORMATION_FORMAT = dwarf;
				ENABLE_STRICT_OBJC_MSGSEND = YES;
				ENABLE_TESTABILITY = YES;
				GCC_C_LANGUAGE_STANDARD = gnu11;
				GCC_DYNAMIC_NO_PIC = NO;
				GCC_NO_COMMON_BLOCKS = YES;
				GCC_OPTIMIZATION_LEVEL = 0;
				GCC_PREPROCESSOR_DEFINITIONS = (
					"DEBUG=1",
					"$(inherited)",
				);
				GCC_WARN_64_TO_32_BIT_CONVERSION = YES;
				GCC_WARN_ABOUT_RETURN_TYPE = YES_ERROR;
				GCC_WARN_UNDECLARED_SELECTOR = YES;
				GCC_WARN_UNINITIALIZED_AUTOS = YES_AGGRESSIVE;
				GCC_WARN_UNUSED_FUNCTION = YES;
				GCC_WARN_UNUSED_VARIABLE = YES;
				IPHONEOS_DEPLOYMENT_TARGET = 14.4;
				MTL_ENABLE_DEBUG_INFO = INCLUDE_SOURCE;
				MTL_FAST_MATH = YES;
				ONLY_ACTIVE_ARCH = YES;
				SDKROOT = iphoneos;
				SWIFT_ACTIVE_COMPILATION_CONDITIONS = DEBUG;
				SWIFT_OPTIMIZATION_LEVEL = "-Onone";
			};
			name = Debug;
		};
		5FB8733925F88F7600D4E40E /* Release */ = {
			isa = XCBuildConfiguration;
			buildSettings = {
				ALWAYS_SEARCH_USER_PATHS = NO;
				CLANG_ANALYZER_NONNULL = YES;
				CLANG_ANALYZER_NUMBER_OBJECT_CONVERSION = YES_AGGRESSIVE;
				CLANG_CXX_LANGUAGE_STANDARD = "gnu++14";
				CLANG_CXX_LIBRARY = "libc++";
				CLANG_ENABLE_MODULES = YES;
				CLANG_ENABLE_OBJC_ARC = YES;
				CLANG_ENABLE_OBJC_WEAK = YES;
				CLANG_WARN_BLOCK_CAPTURE_AUTORELEASING = YES;
				CLANG_WARN_BOOL_CONVERSION = YES;
				CLANG_WARN_COMMA = YES;
				CLANG_WARN_CONSTANT_CONVERSION = YES;
				CLANG_WARN_DEPRECATED_OBJC_IMPLEMENTATIONS = YES;
				CLANG_WARN_DIRECT_OBJC_ISA_USAGE = YES_ERROR;
				CLANG_WARN_DOCUMENTATION_COMMENTS = YES;
				CLANG_WARN_EMPTY_BODY = YES;
				CLANG_WARN_ENUM_CONVERSION = YES;
				CLANG_WARN_INFINITE_RECURSION = YES;
				CLANG_WARN_INT_CONVERSION = YES;
				CLANG_WARN_NON_LITERAL_NULL_CONVERSION = YES;
				CLANG_WARN_OBJC_IMPLICIT_RETAIN_SELF = YES;
				CLANG_WARN_OBJC_LITERAL_CONVERSION = YES;
				CLANG_WARN_OBJC_ROOT_CLASS = YES_ERROR;
				CLANG_WARN_QUOTED_INCLUDE_IN_FRAMEWORK_HEADER = YES;
				CLANG_WARN_RANGE_LOOP_ANALYSIS = YES;
				CLANG_WARN_STRICT_PROTOTYPES = YES;
				CLANG_WARN_SUSPICIOUS_MOVE = YES;
				CLANG_WARN_UNGUARDED_AVAILABILITY = YES_AGGRESSIVE;
				CLANG_WARN_UNREACHABLE_CODE = YES;
				CLANG_WARN__DUPLICATE_METHOD_MATCH = YES;
				COPY_PHASE_STRIP = NO;
				DEBUG_INFORMATION_FORMAT = "dwarf-with-dsym";
				ENABLE_NS_ASSERTIONS = NO;
				ENABLE_STRICT_OBJC_MSGSEND = YES;
				GCC_C_LANGUAGE_STANDARD = gnu11;
				GCC_NO_COMMON_BLOCKS = YES;
				GCC_WARN_64_TO_32_BIT_CONVERSION = YES;
				GCC_WARN_ABOUT_RETURN_TYPE = YES_ERROR;
				GCC_WARN_UNDECLARED_SELECTOR = YES;
				GCC_WARN_UNINITIALIZED_AUTOS = YES_AGGRESSIVE;
				GCC_WARN_UNUSED_FUNCTION = YES;
				GCC_WARN_UNUSED_VARIABLE = YES;
				IPHONEOS_DEPLOYMENT_TARGET = 14.4;
				MTL_ENABLE_DEBUG_INFO = NO;
				MTL_FAST_MATH = YES;
				SDKROOT = iphoneos;
				SWIFT_COMPILATION_MODE = wholemodule;
				SWIFT_OPTIMIZATION_LEVEL = "-O";
				VALIDATE_PRODUCT = YES;
			};
			name = Release;
		};
		5FB8733B25F88F7600D4E40E /* Debug */ = {
			isa = XCBuildConfiguration;
			buildSettings = {
				ASSETCATALOG_COMPILER_APPICON_NAME = AppIcon;
				ASSETCATALOG_COMPILER_GLOBAL_ACCENT_COLOR_NAME = AccentColor;
				CODE_SIGN_STYLE = Automatic;
				DEVELOPMENT_ASSET_PATHS = "\"MoviesApp/Preview Content\"";
				ENABLE_PREVIEWS = YES;
				INFOPLIST_FILE = MoviesApp/Info.plist;
				LD_RUNPATH_SEARCH_PATHS = (
					"$(inherited)",
					"@executable_path/Frameworks",
				);
				PRODUCT_BUNDLE_IDENTIFIER = "mrdunacdtm-gmail.com.MoviesApp";
				PRODUCT_NAME = "$(TARGET_NAME)";
				SWIFT_VERSION = 5.0;
				TARGETED_DEVICE_FAMILY = "1,2";
			};
			name = Debug;
		};
		5FB8733C25F88F7600D4E40E /* Release */ = {
			isa = XCBuildConfiguration;
			buildSettings = {
				ASSETCATALOG_COMPILER_APPICON_NAME = AppIcon;
				ASSETCATALOG_COMPILER_GLOBAL_ACCENT_COLOR_NAME = AccentColor;
				CODE_SIGN_STYLE = Automatic;
				DEVELOPMENT_ASSET_PATHS = "\"MoviesApp/Preview Content\"";
				ENABLE_PREVIEWS = YES;
				INFOPLIST_FILE = MoviesApp/Info.plist;
				LD_RUNPATH_SEARCH_PATHS = (
					"$(inherited)",
					"@executable_path/Frameworks",
				);
				PRODUCT_BUNDLE_IDENTIFIER = "mrdunacdtm-gmail.com.MoviesApp";
				PRODUCT_NAME = "$(TARGET_NAME)";
				SWIFT_VERSION = 5.0;
				TARGETED_DEVICE_FAMILY = "1,2";
			};
			name = Release;
		};
/* End XCBuildConfiguration section */

/* Begin XCConfigurationList section */
		5FB8732125F88F7400D4E40E /* Build configuration list for PBXProject "MoviesApp" */ = {
			isa = XCConfigurationList;
			buildConfigurations = (
				5FB8733825F88F7600D4E40E /* Debug */,
				5FB8733925F88F7600D4E40E /* Release */,
			);
			defaultConfigurationIsVisible = 0;
			defaultConfigurationName = Release;
		};
		5FB8733A25F88F7600D4E40E /* Build configuration list for PBXNativeTarget "MoviesApp" */ = {
			isa = XCConfigurationList;
			buildConfigurations = (
				5FB8733B25F88F7600D4E40E /* Debug */,
				5FB8733C25F88F7600D4E40E /* Release */,
			);
			defaultConfigurationIsVisible = 0;
			defaultConfigurationName = Release;
		};
/* End XCConfigurationList section */

/* Begin XCRemoteSwiftPackageReference section */
		5FB8734625F96C4A00D4E40E /* XCRemoteSwiftPackageReference "youtube-ios-player-helper-swift" */ = {
			isa = XCRemoteSwiftPackageReference;
			repositoryURL = "https://github.com/s4cha/youtube-ios-player-helper-swift.git";
			requirement = {
				kind = upToNextMajorVersion;
				minimumVersion = 1.0.1;
			};
		};
/* End XCRemoteSwiftPackageReference section */

/* Begin XCSwiftPackageProductDependency section */
		5FB8734725F96C4A00D4E40E /* YoutubePlayer */ = {
			isa = XCSwiftPackageProductDependency;
			package = 5FB8734625F96C4A00D4E40E /* XCRemoteSwiftPackageReference "youtube-ios-player-helper-swift" */;
			productName = YoutubePlayer;
		};
/* End XCSwiftPackageProductDependency section */
	};
	rootObject = 5FB8731E25F88F7400D4E40E /* Project object */;
}
